// !$*UTF8*$!
{
	archiveVersion = 1;
	classes = {
	};
	objectVersion = 46;
	objects = {

/* Begin PBXBuildFile section */
		856950BD1B845D8500CC0A60 /* main.m in Sources */ = {isa = PBXBuildFile; fileRef = 856950BC1B845D8500CC0A60 /* main.m */; };
		856950C01B845D8500CC0A60 /* AppDelegate.m in Sources */ = {isa = PBXBuildFile; fileRef = 856950BF1B845D8500CC0A60 /* AppDelegate.m */; };
		856950C31B845D8500CC0A60 /* ViewController.m in Sources */ = {isa = PBXBuildFile; fileRef = 856950C21B845D8500CC0A60 /* ViewController.m */; };
		856950C61B845D8500CC0A60 /* Main.storyboard in Resources */ = {isa = PBXBuildFile; fileRef = 856950C41B845D8500CC0A60 /* Main.storyboard */; };
		856950C81B845D8500CC0A60 /* Images.xcassets in Resources */ = {isa = PBXBuildFile; fileRef = 856950C71B845D8500CC0A60 /* Images.xcassets */; };
		856950CB1B845D8500CC0A60 /* LaunchScreen.xib in Resources */ = {isa = PBXBuildFile; fileRef = 856950C91B845D8500CC0A60 /* LaunchScreen.xib */; };
		856950D71B845D8500CC0A60 /* TestTests.m in Sources */ = {isa = PBXBuildFile; fileRef = 856950D61B845D8500CC0A60 /* TestTests.m */; };
/* End PBXBuildFile section */

/* Begin PBXContainerItemProxy section */
		856950D11B845D8500CC0A60 /* PBXContainerItemProxy */ = {
			isa = PBXContainerItemProxy;
			containerPortal = 856950AF1B845D8500CC0A60 /* Project object */;
			proxyType = 1;
			remoteGlobalIDString = 856950B61B845D8500CC0A60;
			remoteInfo = Test;
		};
/* End PBXContainerItemProxy section */

/* Begin PBXFileReference section */
		856950B71B845D8500CC0A60 /* Test.app */ = {isa = PBXFileReference; explicitFileType = wrapper.application; includeInIndex = 0; path = Test.app; sourceTree = BUILT_PRODUCTS_DIR; };
		856950BB1B845D8500CC0A60 /* Info.plist */ = {isa = PBXFileReference; lastKnownFileType = text.plist.xml; path = Info.plist; sourceTree = "<group>"; };
		856950BC1B845D8500CC0A60 /* main.m */ = {isa = PBXFileReference; lastKnownFileType = sourcecode.c.objc; path = main.m; sourceTree = "<group>"; };
		856950BE1B845D8500CC0A60 /* AppDelegate.h */ = {isa = PBXFileReference; lastKnownFileType = sourcecode.c.h; path = AppDelegate.h; sourceTree = "<group>"; };
		856950BF1B845D8500CC0A60 /* AppDelegate.m */ = {isa = PBXFileReference; lastKnownFileType = sourcecode.c.objc; path = AppDelegate.m; sourceTree = "<group>"; };
		856950C11B845D8500CC0A60 /* ViewController.h */ = {isa = PBXFileReference; lastKnownFileType = sourcecode.c.h; path = ViewController.h; sourceTree = "<group>"; };
		856950C21B845D8500CC0A60 /* ViewController.m */ = {isa = PBXFileReference; lastKnownFileType = sourcecode.c.objc; path = ViewController.m; sourceTree = "<group>"; };
		856950C51B845D8500CC0A60 /* Base */ = {isa = PBXFileReference; lastKnownFileType = file.storyboard; name = Base; path = Base.lproj/Main.storyboard; sourceTree = "<group>"; };
		856950C71B845D8500CC0A60 /* Images.xcassets */ = {isa = PBXFileReference; lastKnownFileType = folder.assetcatalog; path = Images.xcassets; sourceTree = "<group>"; };
		856950CA1B845D8500CC0A60 /* Base */ = {isa = PBXFileReference; lastKnownFileType = file.xib; name = Base; path = Base.lproj/LaunchScreen.xib; sourceTree = "<group>"; };
		856950D01B845D8500CC0A60 /* TestTests.xctest */ = {isa = PBXFileReference; explicitFileType = wrapper.cfbundle; includeInIndex = 0; path = TestTests.xctest; sourceTree = BUILT_PRODUCTS_DIR; };
		856950D51B845D8500CC0A60 /* Info.plist */ = {isa = PBXFileReference; lastKnownFileType = text.plist.xml; path = Info.plist; sourceTree = "<group>"; };
		856950D61B845D8500CC0A60 /* TestTests.m */ = {isa = PBXFileReference; lastKnownFileType = sourcecode.c.objc; path = TestTests.m; sourceTree = "<group>"; };
/* End PBXFileReference section */

/* Begin PBXFrameworksBuildPhase section */
		856950B41B845D8500CC0A60 /* Frameworks */ = {
			isa = PBXFrameworksBuildPhase;
			buildActionMask = 2147483647;
			files = (
			);
			runOnlyForDeploymentPostprocessing = 0;
		};
		856950CD1B845D8500CC0A60 /* Frameworks */ = {
			isa = PBXFrameworksBuildPhase;
			buildActionMask = 2147483647;
			files = (
			);
			runOnlyForDeploymentPostprocessing = 0;
		};
/* End PBXFrameworksBuildPhase section */

/* Begin PBXGroup section */
		856950AE1B845D8500CC0A60 = {
			isa = PBXGroup;
			children = (
				856950B91B845D8500CC0A60 /* Test */,
				856950D31B845D8500CC0A60 /* TestTests */,
				856950B81B845D8500CC0A60 /* Products */,
			);
			sourceTree = "<group>";
		};
		856950B81B845D8500CC0A60 /* Products */ = {
			isa = PBXGroup;
			children = (
				856950B71B845D8500CC0A60 /* Test.app */,
				856950D01B845D8500CC0A60 /* TestTests.xctest */,
			);
			name = Products;
			sourceTree = "<group>";
		};
		856950B91B845D8500CC0A60 /* Test */ = {
			isa = PBXGroup;
			children = (
				856950BE1B845D8500CC0A60 /* AppDelegate.h */,
				856950BF1B845D8500CC0A60 /* AppDelegate.m */,
				856950C11B845D8500CC0A60 /* ViewController.h */,
				856950C21B845D8500CC0A60 /* ViewController.m */,
				856950C41B845D8500CC0A60 /* Main.storyboard */,
				856950C71B845D8500CC0A60 /* Images.xcassets */,
				856950C91B845D8500CC0A60 /* LaunchScreen.xib */,
				856950BA1B845D8500CC0A60 /* Supporting Files */,
			);
			path = Test;
			sourceTree = "<group>";
		};
		856950BA1B845D8500CC0A60 /* Supporting Files */ = {
			isa = PBXGroup;
			children = (
				856950BB1B845D8500CC0A60 /* Info.plist */,
				856950BC1B845D8500CC0A60 /* main.m */,
			);
			name = "Supporting Files";
			sourceTree = "<group>";
		};
		856950D31B845D8500CC0A60 /* TestTests */ = {
			isa = PBXGroup;
			children = (
				856950D61B845D8500CC0A60 /* TestTests.m */,
				856950D41B845D8500CC0A60 /* Supporting Files */,
			);
			path = TestTests;
			sourceTree = "<group>";
		};
		856950D41B845D8500CC0A60 /* Supporting Files */ = {
			isa = PBXGroup;
			children = (
				856950D51B845D8500CC0A60 /* Info.plist */,
			);
			name = "Supporting Files";
			sourceTree = "<group>";
		};
/* End PBXGroup section */

/* Begin PBXNativeTarget section */
		856950B61B845D8500CC0A60 /* Test */ = {
			isa = PBXNativeTarget;
			buildConfigurationList = 856950DA1B845D8500CC0A60 /* Build configuration list for PBXNativeTarget "Test" */;
			buildPhases = (
				856950B31B845D8500CC0A60 /* Sources */,
				856950B41B845D8500CC0A60 /* Frameworks */,
				856950B51B845D8500CC0A60 /* Resources */,
			);
			buildRules = (
			);
			dependencies = (
			);
			name = Test;
			productName = Test;
			productReference = 856950B71B845D8500CC0A60 /* Test.app */;
			productType = "com.apple.product-type.application";
		};
		856950CF1B845D8500CC0A60 /* TestTests */ = {
			isa = PBXNativeTarget;
			buildConfigurationList = 856950DD1B845D8500CC0A60 /* Build configuration list for PBXNativeTarget "TestTests" */;
			buildPhases = (
				856950CC1B845D8500CC0A60 /* Sources */,
				856950CD1B845D8500CC0A60 /* Frameworks */,
				856950CE1B845D8500CC0A60 /* Resources */,
			);
			buildRules = (
			);
			dependencies = (
				856950D21B845D8500CC0A60 /* PBXTargetDependency */,
			);
			name = TestTests;
			productName = TestTests;
			productReference = 856950D01B845D8500CC0A60 /* TestTests.xctest */;
			productType = "com.apple.product-type.bundle.unit-test";
		};
/* End PBXNativeTarget section */

/* Begin PBXProject section */
		856950AF1B845D8500CC0A60 /* Project object */ = {
			isa = PBXProject;
			attributes = {
				LastUpgradeCheck = 0630;
				ORGANIZATIONNAME = com.tarena;
				TargetAttributes = {
					856950B61B845D8500CC0A60 = {
						CreatedOnToolsVersion = 6.3.1;
					};
					856950CF1B845D8500CC0A60 = {
						CreatedOnToolsVersion = 6.3.1;
						TestTargetID = 856950B61B845D8500CC0A60;
					};
				};
			};
			buildConfigurationList = 856950B21B845D8500CC0A60 /* Build configuration list for PBXProject "Test" */;
			compatibilityVersion = "Xcode 3.2";
			developmentRegion = English;
			hasScannedForEncodings = 0;
			knownRegions = (
				en,
				Base,
			);
			mainGroup = 856950AE1B845D8500CC0A60;
			productRefGroup = 856950B81B845D8500CC0A60 /* Products */;
			projectDirPath = "";
			projectRoot = "";
			targets = (
				856950B61B845D8500CC0A60 /* Test */,
				856950CF1B845D8500CC0A60 /* TestTests */,
			);
		};
/* End PBXProject section */

/* Begin PBXResourcesBuildPhase section */
		856950B51B845D8500CC0A60 /* Resources */ = {
			isa = PBXResourcesBuildPhase;
			buildActionMask = 2147483647;
			files = (
				856950C61B845D8500CC0A60 /* Main.storyboard in Resources */,
				856950CB1B845D8500CC0A60 /* LaunchScreen.xib in Resources */,
				856950C81B845D8500CC0A60 /* Images.xcassets in Resources */,
			);
			runOnlyForDeploymentPostprocessing = 0;
		};
		856950CE1B845D8500CC0A60 /* Resources */ = {
			isa = PBXResourcesBuildPhase;
			buildActionMask = 2147483647;
			files = (
			);
			runOnlyForDeploymentPostprocessing = 0;
		};
/* End PBXResourcesBuildPhase section */

/* Begin PBXSourcesBuildPhase section */
		856950B31B845D8500CC0A60 /* Sources */ = {
			isa = PBXSourcesBuildPhase;
			buildActionMask = 2147483647;
			files = (
				856950C31B845D8500CC0A60 /* ViewController.m in Sources */,
				856950C01B845D8500CC0A60 /* AppDelegate.m in Sources */,
				856950BD1B845D8500CC0A60 /* main.m in Sources */,
			);
			runOnlyForDeploymentPostprocessing = 0;
		};
		856950CC1B845D8500CC0A60 /* Sources */ = {
			isa = PBXSourcesBuildPhase;
			buildActionMask = 2147483647;
			files = (
				856950D71B845D8500CC0A60 /* TestTests.m in Sources */,
			);
			runOnlyForDeploymentPostprocessing = 0;
		};
/* End PBXSourcesBuildPhase section */

/* Begin PBXTargetDependency section */
		856950D21B845D8500CC0A60 /* PBXTargetDependency */ = {
			isa = PBXTargetDependency;
			target = 856950B61B845D8500CC0A60 /* Test */;
			targetProxy = 856950D11B845D8500CC0A60 /* PBXContainerItemProxy */;
		};
/* End PBXTargetDependency section */

/* Begin PBXVariantGroup section */
		856950C41B845D8500CC0A60 /* Main.storyboard */ = {
			isa = PBXVariantGroup;
			children = (
				856950C51B845D8500CC0A60 /* Base */,
			);
			name = Main.storyboard;
			sourceTree = "<group>";
		};
		856950C91B845D8500CC0A60 /* LaunchScreen.xib */ = {
			isa = PBXVariantGroup;
			children = (
				856950CA1B845D8500CC0A60 /* Base */,
			);
			name = LaunchScreen.xib;
			sourceTree = "<group>";
		};
/* End PBXVariantGroup section */

/* Begin XCBuildConfiguration section */
		856950D81B845D8500CC0A60 /* Debug */ = {
			isa = XCBuildConfiguration;
			buildSettings = {
				ALWAYS_SEARCH_USER_PATHS = NO;
				CLANG_CXX_LANGUAGE_STANDARD = "gnu++0x";
				CLANG_CXX_LIBRARY = "libc++";
				CLANG_ENABLE_MODULES = YES;
				CLANG_ENABLE_OBJC_ARC = YES;
				CLANG_WARN_BOOL_CONVERSION = YES;
				CLANG_WARN_CONSTANT_CONVERSION = YES;
				CLANG_WARN_DIRECT_OBJC_ISA_USAGE = YES_ERROR;
				CLANG_WARN_EMPTY_BODY = YES;
				CLANG_WARN_ENUM_CONVERSION = YES;
				CLANG_WARN_INT_CONVERSION = YES;
				CLANG_WARN_OBJC_ROOT_CLASS = YES_ERROR;
				CLANG_WARN_UNREACHABLE_CODE = YES;
				CLANG_WARN__DUPLICATE_METHOD_MATCH = YES;
				"CODE_SIGN_IDENTITY[sdk=iphoneos*]" = "iPhone Developer";
				COPY_PHASE_STRIP = NO;
				DEBUG_INFORMATION_FORMAT = "dwarf-with-dsym";
				ENABLE_STRICT_OBJC_MSGSEND = YES;
				GCC_C_LANGUAGE_STANDARD = gnu99;
				GCC_DYNAMIC_NO_PIC = NO;
				GCC_NO_COMMON_BLOCKS = YES;
				GCC_OPTIMIZATION_LEVEL = 0;
				GCC_PREPROCESSOR_DEFINITIONS = (
					"DEBUG=1",
					"$(inherited)",
				);
				GCC_SYMBOLS_PRIVATE_EXTERN = NO;
				GCC_WARN_64_TO_32_BIT_CONVERSION = YES;
				GCC_WARN_ABOUT_RETURN_TYPE = YES_ERROR;
				GCC_WARN_UNDECLARED_SELECTOR = YES;
				GCC_WARN_UNINITIALIZED_AUTOS = YES_AGGRESSIVE;
				GCC_WARN_UNUSED_FUNCTION = YES;
				GCC_WARN_UNUSED_VARIABLE = YES;
				IPHONEOS_DEPLOYMENT_TARGET = 8.3;
				MTL_ENABLE_DEBUG_INFO = YES;
				ONLY_ACTIVE_ARCH = YES;
				SDKROOT = iphoneos;
			};
			name = Debug;
		};
		856950D91B845D8500CC0A60 /* Release */ = {
			isa = XCBuildConfiguration;
			buildSettings = {
				ALWAYS_SEARCH_USER_PATHS = NO;
				CLANG_CXX_LANGUAGE_STANDARD = "gnu++0x";
				CLANG_CXX_LIBRARY = "libc++";
				CLANG_ENABLE_MODULES = YES;
				CLANG_ENABLE_OBJC_ARC = YES;
				CLANG_WARN_BOOL_CONVERSION = YES;
				CLANG_WARN_CONSTANT_CONVERSION = YES;
				CLANG_WARN_DIRECT_OBJC_ISA_USAGE = YES_ERROR;
				CLANG_WARN_EMPTY_BODY = YES;
				CLANG_WARN_ENUM_CONVERSION = YES;
				CLANG_WARN_INT_CONVERSION = YES;
				CLANG_WARN_OBJC_ROOT_CLASS = YES_ERROR;
				CLANG_WARN_UNREACHABLE_CODE = YES;
				CLANG_WARN__DUPLICATE_METHOD_MATCH = YES;
				"CODE_SIGN_IDENTITY[sdk=iphoneos*]" = "iPhone Developer";
				COPY_PHASE_STRIP = NO;
				DEBUG_INFORMATION_FORMAT = "dwarf-with-dsym";
				ENABLE_NS_ASSERTIONS = NO;
				ENABLE_STRICT_OBJC_MSGSEND = YES;
				GCC_C_LANGUAGE_STANDARD = gnu99;
				GCC_NO_COMMON_BLOCKS = YES;
				GCC_WARN_64_TO_32_BIT_CONVERSION = YES;
				GCC_WARN_ABOUT_RETURN_TYPE = YES_ERROR;
				GCC_WARN_UNDECLARED_SELECTOR = YES;
				GCC_WARN_UNINITIALIZED_AUTOS = YES_AGGRESSIVE;
				GCC_WARN_UNUSED_FUNCTION = YES;
				GCC_WARN_UNUSED_VARIABLE = YES;
				IPHONEOS_DEPLOYMENT_TARGET = 8.3;
				MTL_ENABLE_DEBUG_INFO = NO;
				SDKROOT = iphoneos;
				VALIDATE_PRODUCT = YES;
			};
			name = Release;
		};
		856950DB1B845D8500CC0A60 /* Debug */ = {
			isa = XCBuildConfiguration;
			buildSettings = {
				ASSETCATALOG_COMPILER_APPICON_NAME = AppIcon;
				INFOPLIST_FILE = Test/Info.plist;
				LD_RUNPATH_SEARCH_PATHS = "$(inherited) @executable_path/Frameworks";
				PRODUCT_NAME = "$(TARGET_NAME)";
			};
			name = Debug;
		};
		856950DC1B845D8500CC0A60 /* Release */ = {
			isa = XCBuildConfiguration;
			buildSettings = {
				ASSETCATALOG_COMPILER_APPICON_NAME = AppIcon;
				INFOPLIST_FILE = Test/Info.plist;
				LD_RUNPATH_SEARCH_PATHS = "$(inherited) @executable_path/Frameworks";
				PRODUCT_NAME = "$(TARGET_NAME)";
			};
			name = Release;
		};
		856950DE1B845D8500CC0A60 /* Debug */ = {
			isa = XCBuildConfiguration;
			buildSettings = {
				BUNDLE_LOADER = "$(TEST_HOST)";
				FRAMEWORK_SEARCH_PATHS = (
					"$(SDKROOT)/Developer/Library/Frameworks",
					"$(inherited)",
				);
				GCC_PREPROCESSOR_DEFINITIONS = (
					"DEBUG=1",
					"$(inherited)",
				);
				INFOPLIST_FILE = TestTests/Info.plist;
				LD_RUNPATH_SEARCH_PATHS = "$(inherited) @executable_path/Frameworks @loader_path/Frameworks";
				PRODUCT_NAME = "$(TARGET_NAME)";
				TEST_HOST = "$(BUILT_PRODUCTS_DIR)/Test.app/Test";
			};
			name = Debug;
		};
		856950DF1B845D8500CC0A60 /* Release */ = {
			isa = XCBuildConfiguration;
			buildSettings = {
				BUNDLE_LOADER = "$(TEST_HOST)";
				FRAMEWORK_SEARCH_PATHS = (
					"$(SDKROOT)/Developer/Library/Frameworks",
					"$(inherited)",
				);
				INFOPLIST_FILE = TestTests/Info.plist;
				LD_RUNPATH_SEARCH_PATHS = "$(inherited) @executable_path/Frameworks @loader_path/Frameworks";
				PRODUCT_NAME = "$(TARGET_NAME)";
				TEST_HOST = "$(BUILT_PRODUCTS_DIR)/Test.app/Test";
			};
			name = Release;
		};
/* End XCBuildConfiguration section */

/* Begin XCConfigurationList section */
		856950B21B845D8500CC0A60 /* Build configuration list for PBXProject "Test" */ = {
			isa = XCConfigurationList;
			buildConfigurations = (
				856950D81B845D8500CC0A60 /* Debug */,
				856950D91B845D8500CC0A60 /* Release */,
			);
			defaultConfigurationIsVisible = 0;
			defaultConfigurationName = Release;
		};
		856950DA1B845D8500CC0A60 /* Build configuration list for PBXNativeTarget "Test" */ = {
			isa = XCConfigurationList;
			buildConfigurations = (
				856950DB1B845D8500CC0A60 /* Debug */,
				856950DC1B845D8500CC0A60 /* Release */,
			);
			defaultConfigurationIsVisible = 0;
		};
		856950DD1B845D8500CC0A60 /* Build configuration list for PBXNativeTarget "TestTests" */ = {
			isa = XCConfigurationList;
			buildConfigurations = (
				856950DE1B845D8500CC0A60 /* Debug */,
				856950DF1B845D8500CC0A60 /* Release */,
			);
			defaultConfigurationIsVisible = 0;
		};
/* End XCConfigurationList section */
	};
	rootObject = 856950AF1B845D8500CC0A60 /* Project object */;
}
